{
  "name": "next-nest",
  "version": "1.0.0",
  "lockfileVersion": 3,
  "requires": true,
  "packages": {
    "": {
      "name": "next-nest",
      "version": "1.0.0",
      "dependencies": {
        "next-nest": "file:"
      }
    },
    "node_modules/next-nest": {
      "resolved": "",
      "link": true
    }
  }
}
